
Microsoft Visual Studio Solution File, Format Version 12.00
# Visual Studio 15
VisualStudioVersion = 15.0.27130.2024
MinimumVisualStudioVersion = 10.0.40219.1
Project("{FAE04EC0-301F-11D3-BF4B-00C04F79EFBC}") = "FileMover", "FileRenamer\FileMover.csproj", "{C95F4562-955D-4294-9B47-F72063B3E37E}"
EndProject
Global
	GlobalSection(SolutionConfigurationPlatforms) = preSolution
		Debug|Any CPU = Debug|Any CPU
		Release|Any CPU = Release|Any CPU
	EndGlobalSection
	GlobalSection(ProjectConfigurationPlatforms) = postSolution
		{C95F4562-955D-4294-9B47-F72063B3E37E}.Debug|Any CPU.ActiveCfg = Debug|Any CPU
		{C95F4562-955D-4294-9B47-F72063B3E37E}.Debug|Any CPU.Build.0 = Debug|Any CPU
		{C95F4562-955D-4294-9B47-F72063B3E37E}.Release|Any CPU.ActiveCfg = Release|Any CPU
		{C95F4562-955D-4294-9B47-F72063B3E37E}.Release|Any CPU.Build.0 = Release|Any CPU
	EndGlobalSection
	GlobalSection(SolutionProperties) = preSolution
		HideSolutionNode = FALSE
	EndGlobalSection
	GlobalSection(ExtensibilityGlobals) = postSolution
		SolutionGuid = {6BABA1FB-653D-4AEA-80A2-F7FFD449D9C3}
	EndGlobalSection
EndGlobal
